
Microsoft Visual Studio Solution File, Format Version 12.00
# Visual Studio Version 17
VisualStudioVersion = 17.1.31911.260
MinimumVisualStudioVersion = 10.0.40219.1
Project("{FAE04EC0-301F-11D3-BF4B-00C04F79EFBC}") = "Repro", "Repro\Repro.csproj", "{75D7FE2A-CF31-42B1-9184-48D0E1A9E7BA}"
EndProject
Project("{FAE04EC0-301F-11D3-BF4B-00C04F79EFBC}") = "ClassLibrary1", "ClassLibrary1\ClassLibrary1.csproj", "{E8B84AA2-543D-4088-AC03-EDEB17120E46}"
EndProject
Global
	GlobalSection(SolutionConfigurationPlatforms) = preSolution
		Debug|Any CPU = Debug|Any CPU
		Release|Any CPU = Release|Any CPU
	EndGlobalSection
	GlobalSection(ProjectConfigurationPlatforms) = postSolution
		{75D7FE2A-CF31-42B1-9184-48D0E1A9E7BA}.Debug|Any CPU.ActiveCfg = Debug|Any CPU
		{75D7FE2A-CF31-42B1-9184-48D0E1A9E7BA}.Debug|Any CPU.Build.0 = Debug|Any CPU
		{75D7FE2A-CF31-42B1-9184-48D0E1A9E7BA}.Release|Any CPU.ActiveCfg = Release|Any CPU
		{75D7FE2A-CF31-42B1-9184-48D0E1A9E7BA}.Release|Any CPU.Build.0 = Release|Any CPU
		{E8B84AA2-543D-4088-AC03-EDEB17120E46}.Debug|Any CPU.ActiveCfg = Debug|Any CPU
		{E8B84AA2-543D-4088-AC03-EDEB17120E46}.Debug|Any CPU.Build.0 = Debug|Any CPU
		{E8B84AA2-543D-4088-AC03-EDEB17120E46}.Release|Any CPU.ActiveCfg = Release|Any CPU
		{E8B84AA2-543D-4088-AC03-EDEB17120E46}.Release|Any CPU.Build.0 = Release|Any CPU
	EndGlobalSection
	GlobalSection(SolutionProperties) = preSolution
		HideSolutionNode = FALSE
	EndGlobalSection
	GlobalSection(ExtensibilityGlobals) = postSolution
		SolutionGuid = {9C0F4637-046A-4B8A-B7A7-2C4D1FCCF4B1}
	EndGlobalSection
EndGlobal
